<?xml version="1.0" encoding="utf-8"?>
<Project ToolsVersion="4.0" xmlns="http://schemas.microsoft.com/developer/msbuild/2003">
  <ItemGroup>
    <ClCompile Include="Demo.cpp">
      <Filter>源文件</Filter>
    </ClCompile>
    <ClCompile Include="MainDlg.cpp">
      <Filter>源文件</Filter>
    </ClCompile>
    <ClCompile Include="stdafx.cpp">
      <Filter>源文件</Filter>
    </ClCompile>
  </ItemGroup>
  <ItemGroup>
    <ClInclude Include="..\include\libWJLErrRecoveryCoder.h">
      <Filter>include</Filter>
    </ClInclude>
    <ClInclude Include="..\include\libWJLParseFile.h">
      <Filter>include</Filter>
    </ClInclude>
    <ClInclude Include="Demo.h">
      <Filter>头文件</Filter>
    </ClInclude>
    <ClInclude Include="MainDlg.h">
      <Filter>头文件</Filter>
    </ClInclude>
    <ClInclude Include="Resource.h">
      <Filter>头文件</Filter>
    </ClInclude>
    <ClInclude Include="targetver.h">
      <Filter>头文件</Filter>
    </ClInclude>
    <ClInclude Include="stdafx.h">
      <Filter>头文件</Filter>
    </ClInclude>
  </ItemGroup>
  <ItemGroup>
    <ResourceCompile Include="Demo.rc" />
  </ItemGroup>
  <ItemGroup>
    <None Include="ClassDiagram1.cd" />
    <None Include="ReadMe.txt" />
    <None Include="res\Demo.ico" />
    <None Include="res\Demo.rc2" />
    <None Include="res\Toolbar.bmp" />
    <None Include="res\Toolbar256.bmp" />
  </ItemGroup>
  <ItemGroup>
    <Filter Include="include">
      <UniqueIdentifier>{3e563fb8-98c1-445d-9369-89aa336d647a}</UniqueIdentifier>
    </Filter>
    <Filter Include="头文件">
      <UniqueIdentifier>{2ab97071-13ef-4787-8098-0dbcbd4cfbc6}</UniqueIdentifier>
    </Filter>
    <Filter Include="源文件">
      <UniqueIdentifier>{df5b8760-a788-4dfc-b4ea-90c80295ebc7}</UniqueIdentifier>
    </Filter>
  </ItemGroup>
</Project>